// !$*UTF8*$!
{
	archiveVersion = 1;
	classes = {
	};
	objectVersion = 56;
	objects = {

/* Begin PBXBuildFile section */
		13A97C6328A85DB700FD1DEB /* x_rt_refitApp.swift in Sources */ = {isa = PBXBuildFile; fileRef = 13A97C6228A85DB700FD1DEB /* x_rt_refitApp.swift */; };
		13A97C6728A85DB800FD1DEB /* Assets.xcassets in Resources */ = {isa = PBXBuildFile; fileRef = 13A97C6628A85DB800FD1DEB /* Assets.xcassets */; };
		13A97C6A28A85DB800FD1DEB /* Preview Assets.xcassets in Resources */ = {isa = PBXBuildFile; fileRef = 13A97C6928A85DB800FD1DEB /* Preview Assets.xcassets */; };
		13A97C7428A85EFA00FD1DEB /* MetalKit.framework in Frameworks */ = {isa = PBXBuildFile; fileRef = 13A97C7228A85EFA00FD1DEB /* MetalKit.framework */; };
		13A97C7528A85EFA00FD1DEB /* Metal.framework in Frameworks */ = {isa = PBXBuildFile; fileRef = 13A97C7328A85EFA00FD1DEB /* Metal.framework */; };
		13C0763E28A980EA003B407A /* shaders.metal in Sources */ = {isa = PBXBuildFile; fileRef = 13C0763D28A980EA003B407A /* shaders.metal */; };
		13C0764028A9A84A003B407A /* matrixModelToWorld.bin in Resources */ = {isa = PBXBuildFile; fileRef = 13C0763F28A9A84A003B407A /* matrixModelToWorld.bin */; };
		13C0764428A9A8A5003B407A /* indexBuffer.bin in Resources */ = {isa = PBXBuildFile; fileRef = 13C0764128A9A8A5003B407A /* indexBuffer.bin */; };
		13C0764528A9A8A5003B407A /* vertexBuffer.bin in Resources */ = {isa = PBXBuildFile; fileRef = 13C0764228A9A8A5003B407A /* vertexBuffer.bin */; };
		13C0764628A9A8A5003B407A /* triangleCount.bin in Resources */ = {isa = PBXBuildFile; fileRef = 13C0764328A9A8A5003B407A /* triangleCount.bin */; };
/* End PBXBuildFile section */

/* Begin PBXFileReference section */
		13A97C5F28A85DB700FD1DEB /* x-rt-refit.app */ = {isa = PBXFileReference; explicitFileType = wrapper.application; includeInIndex = 0; path = "x-rt-refit.app"; sourceTree = BUILT_PRODUCTS_DIR; };
		13A97C6228A85DB700FD1DEB /* x_rt_refitApp.swift */ = {isa = PBXFileReference; lastKnownFileType = sourcecode.swift; path = x_rt_refitApp.swift; sourceTree = "<group>"; };
		13A97C6628A85DB800FD1DEB /* Assets.xcassets */ = {isa = PBXFileReference; lastKnownFileType = folder.assetcatalog; path = Assets.xcassets; sourceTree = "<group>"; };
		13A97C6928A85DB800FD1DEB /* Preview Assets.xcassets */ = {isa = PBXFileReference; lastKnownFileType = folder.assetcatalog; path = "Preview Assets.xcassets"; sourceTree = "<group>"; };
		13A97C6B28A85DB800FD1DEB /* x_rt_refit.entitlements */ = {isa = PBXFileReference; lastKnownFileType = text.plist.entitlements; path = x_rt_refit.entitlements; sourceTree = "<group>"; };
		13A97C7228A85EFA00FD1DEB /* MetalKit.framework */ = {isa = PBXFileReference; lastKnownFileType = wrapper.framework; name = MetalKit.framework; path = System/Library/Frameworks/MetalKit.framework; sourceTree = SDKROOT; };
		13A97C7328A85EFA00FD1DEB /* Metal.framework */ = {isa = PBXFileReference; lastKnownFileType = wrapper.framework; name = Metal.framework; path = System/Library/Frameworks/Metal.framework; sourceTree = SDKROOT; };
		13C0763D28A980EA003B407A /* shaders.metal */ = {isa = PBXFileReference; lastKnownFileType = sourcecode.metal; path = shaders.metal; sourceTree = "<group>"; };
		13C0763F28A9A84A003B407A /* matrixModelToWorld.bin */ = {isa = PBXFileReference; lastKnownFileType = archive.macbinary; path = matrixModelToWorld.bin; sourceTree = "<group>"; };
		13C0764128A9A8A5003B407A /* indexBuffer.bin */ = {isa = PBXFileReference; lastKnownFileType = archive.macbinary; path = indexBuffer.bin; sourceTree = "<group>"; };
		13C0764228A9A8A5003B407A /* vertexBuffer.bin */ = {isa = PBXFileReference; lastKnownFileType = archive.macbinary; path = vertexBuffer.bin; sourceTree = "<group>"; };
		13C0764328A9A8A5003B407A /* triangleCount.bin */ = {isa = PBXFileReference; lastKnownFileType = archive.macbinary; path = triangleCount.bin; sourceTree = "<group>"; };
/* End PBXFileReference section */

/* Begin PBXFrameworksBuildPhase section */
		13A97C5C28A85DB700FD1DEB /* Frameworks */ = {
			isa = PBXFrameworksBuildPhase;
			buildActionMask = 2147483647;
			files = (
				13A97C7528A85EFA00FD1DEB /* Metal.framework in Frameworks */,
				13A97C7428A85EFA00FD1DEB /* MetalKit.framework in Frameworks */,
			);
			runOnlyForDeploymentPostprocessing = 0;
		};
/* End PBXFrameworksBuildPhase section */

/* Begin PBXGroup section */
		13A97C5628A85DB700FD1DEB = {
			isa = PBXGroup;
			children = (
				13A97C6128A85DB700FD1DEB /* x-rt-refit */,
				13A97C6028A85DB700FD1DEB /* Products */,
				13A97C7128A85EF900FD1DEB /* Frameworks */,
			);
			sourceTree = "<group>";
		};
		13A97C6028A85DB700FD1DEB /* Products */ = {
			isa = PBXGroup;
			children = (
				13A97C5F28A85DB700FD1DEB /* x-rt-refit.app */,
			);
			name = Products;
			sourceTree = "<group>";
		};
		13A97C6128A85DB700FD1DEB /* x-rt-refit */ = {
			isa = PBXGroup;
			children = (
				13C0764128A9A8A5003B407A /* indexBuffer.bin */,
				13C0764328A9A8A5003B407A /* triangleCount.bin */,
				13C0764228A9A8A5003B407A /* vertexBuffer.bin */,
				13C0763F28A9A84A003B407A /* matrixModelToWorld.bin */,
				13A97C6228A85DB700FD1DEB /* x_rt_refitApp.swift */,
				13A97C6628A85DB800FD1DEB /* Assets.xcassets */,
				13A97C6B28A85DB800FD1DEB /* x_rt_refit.entitlements */,
				13A97C6828A85DB800FD1DEB /* Preview Content */,
				13C0763D28A980EA003B407A /* shaders.metal */,
			);
			path = "x-rt-refit";
			sourceTree = "<group>";
		};
		13A97C6828A85DB800FD1DEB /* Preview Content */ = {
			isa = PBXGroup;
			children = (
				13A97C6928A85DB800FD1DEB /* Preview Assets.xcassets */,
			);
			path = "Preview Content";
			sourceTree = "<group>";
		};
		13A97C7128A85EF900FD1DEB /* Frameworks */ = {
			isa = PBXGroup;
			children = (
				13A97C7328A85EFA00FD1DEB /* Metal.framework */,
				13A97C7228A85EFA00FD1DEB /* MetalKit.framework */,
			);
			name = Frameworks;
			sourceTree = "<group>";
		};
/* End PBXGroup section */

/* Begin PBXNativeTarget section */
		13A97C5E28A85DB700FD1DEB /* x-rt-refit */ = {
			isa = PBXNativeTarget;
			buildConfigurationList = 13A97C6E28A85DB800FD1DEB /* Build configuration list for PBXNativeTarget "x-rt-refit" */;
			buildPhases = (
				13A97C5B28A85DB700FD1DEB /* Sources */,
				13A97C5C28A85DB700FD1DEB /* Frameworks */,
				13A97C5D28A85DB700FD1DEB /* Resources */,
			);
			buildRules = (
			);
			dependencies = (
			);
			name = "x-rt-refit";
			productName = "x-rt-refit";
			productReference = 13A97C5F28A85DB700FD1DEB /* x-rt-refit.app */;
			productType = "com.apple.product-type.application";
		};
/* End PBXNativeTarget section */

/* Begin PBXProject section */
		13A97C5728A85DB700FD1DEB /* Project object */ = {
			isa = PBXProject;
			attributes = {
				BuildIndependentTargetsInParallel = 1;
				LastSwiftUpdateCheck = 1400;
				LastUpgradeCheck = 1400;
				TargetAttributes = {
					13A97C5E28A85DB700FD1DEB = {
						CreatedOnToolsVersion = 14.0;
					};
				};
			};
			buildConfigurationList = 13A97C5A28A85DB700FD1DEB /* Build configuration list for PBXProject "x-rt-refit" */;
			compatibilityVersion = "Xcode 14.0";
			developmentRegion = en;
			hasScannedForEncodings = 0;
			knownRegions = (
				en,
				Base,
			);
			mainGroup = 13A97C5628A85DB700FD1DEB;
			productRefGroup = 13A97C6028A85DB700FD1DEB /* Products */;
			projectDirPath = "";
			projectRoot = "";
			targets = (
				13A97C5E28A85DB700FD1DEB /* x-rt-refit */,
			);
		};
/* End PBXProject section */

/* Begin PBXResourcesBuildPhase section */
		13A97C5D28A85DB700FD1DEB /* Resources */ = {
			isa = PBXResourcesBuildPhase;
			buildActionMask = 2147483647;
			files = (
				13C0764628A9A8A5003B407A /* triangleCount.bin in Resources */,
				13C0764028A9A84A003B407A /* matrixModelToWorld.bin in Resources */,
				13A97C6A28A85DB800FD1DEB /* Preview Assets.xcassets in Resources */,
				13A97C6728A85DB800FD1DEB /* Assets.xcassets in Resources */,
				13C0764428A9A8A5003B407A /* indexBuffer.bin in Resources */,
				13C0764528A9A8A5003B407A /* vertexBuffer.bin in Resources */,
			);
			runOnlyForDeploymentPostprocessing = 0;
		};
/* End PBXResourcesBuildPhase section */

/* Begin PBXSourcesBuildPhase section */
		13A97C5B28A85DB700FD1DEB /* Sources */ = {
			isa = PBXSourcesBuildPhase;
			buildActionMask = 2147483647;
			files = (
				13A97C6328A85DB700FD1DEB /* x_rt_refitApp.swift in Sources */,
				13C0763E28A980EA003B407A /* shaders.metal in Sources */,
			);
			runOnlyForDeploymentPostprocessing = 0;
		};
/* End PBXSourcesBuildPhase section */

/* Begin XCBuildConfiguration section */
		13A97C6C28A85DB800FD1DEB /* Debug */ = {
			isa = XCBuildConfiguration;
			buildSettings = {
				ALWAYS_SEARCH_USER_PATHS = NO;
				CLANG_ANALYZER_NONNULL = YES;
				CLANG_ANALYZER_NUMBER_OBJECT_CONVERSION = YES_AGGRESSIVE;
				CLANG_CXX_LANGUAGE_STANDARD = "gnu++20";
				CLANG_ENABLE_MODULES = YES;
				CLANG_ENABLE_OBJC_ARC = YES;
				CLANG_ENABLE_OBJC_WEAK = YES;
				CLANG_WARN_BLOCK_CAPTURE_AUTORELEASING = YES;
				CLANG_WARN_BOOL_CONVERSION = YES;
				CLANG_WARN_COMMA = YES;
				CLANG_WARN_CONSTANT_CONVERSION = YES;
				CLANG_WARN_DEPRECATED_OBJC_IMPLEMENTATIONS = YES;
				CLANG_WARN_DIRECT_OBJC_ISA_USAGE = YES_ERROR;
				CLANG_WARN_DOCUMENTATION_COMMENTS = YES;
				CLANG_WARN_EMPTY_BODY = YES;
				CLANG_WARN_ENUM_CONVERSION = YES;
				CLANG_WARN_INFINITE_RECURSION = YES;
				CLANG_WARN_INT_CONVERSION = YES;
				CLANG_WARN_NON_LITERAL_NULL_CONVERSION = YES;
				CLANG_WARN_OBJC_IMPLICIT_RETAIN_SELF = YES;
				CLANG_WARN_OBJC_LITERAL_CONVERSION = YES;
				CLANG_WARN_OBJC_ROOT_CLASS = YES_ERROR;
				CLANG_WARN_QUOTED_INCLUDE_IN_FRAMEWORK_HEADER = YES;
				CLANG_WARN_RANGE_LOOP_ANALYSIS = YES;
				CLANG_WARN_STRICT_PROTOTYPES = YES;
				CLANG_WARN_SUSPICIOUS_MOVE = YES;
				CLANG_WARN_UNGUARDED_AVAILABILITY = YES_AGGRESSIVE;
				CLANG_WARN_UNREACHABLE_CODE = YES;
				CLANG_WARN__DUPLICATE_METHOD_MATCH = YES;
				COPY_PHASE_STRIP = NO;
				DEBUG_INFORMATION_FORMAT = dwarf;
				ENABLE_STRICT_OBJC_MSGSEND = YES;
				ENABLE_TESTABILITY = YES;
				GCC_C_LANGUAGE_STANDARD = gnu11;
				GCC_DYNAMIC_NO_PIC = NO;
				GCC_NO_COMMON_BLOCKS = YES;
				GCC_OPTIMIZATION_LEVEL = 0;
				GCC_PREPROCESSOR_DEFINITIONS = (
					"DEBUG=1",
					"$(inherited)",
				);
				GCC_WARN_64_TO_32_BIT_CONVERSION = YES;
				GCC_WARN_ABOUT_RETURN_TYPE = YES_ERROR;
				GCC_WARN_UNDECLARED_SELECTOR = YES;
				GCC_WARN_UNINITIALIZED_AUTOS = YES_AGGRESSIVE;
				GCC_WARN_UNUSED_FUNCTION = YES;
				GCC_WARN_UNUSED_VARIABLE = YES;
				MACOSX_DEPLOYMENT_TARGET = 13.0;
				MTL_ENABLE_DEBUG_INFO = INCLUDE_SOURCE;
				MTL_FAST_MATH = YES;
				ONLY_ACTIVE_ARCH = YES;
				SDKROOT = macosx;
				SWIFT_ACTIVE_COMPILATION_CONDITIONS = DEBUG;
				SWIFT_OPTIMIZATION_LEVEL = "-Onone";
			};
			name = Debug;
		};
		13A97C6D28A85DB800FD1DEB /* Release */ = {
			isa = XCBuildConfiguration;
			buildSettings = {
				ALWAYS_SEARCH_USER_PATHS = NO;
				CLANG_ANALYZER_NONNULL = YES;
				CLANG_ANALYZER_NUMBER_OBJECT_CONVERSION = YES_AGGRESSIVE;
				CLANG_CXX_LANGUAGE_STANDARD = "gnu++20";
				CLANG_ENABLE_MODULES = YES;
				CLANG_ENABLE_OBJC_ARC = YES;
				CLANG_ENABLE_OBJC_WEAK = YES;
				CLANG_WARN_BLOCK_CAPTURE_AUTORELEASING = YES;
				CLANG_WARN_BOOL_CONVERSION = YES;
				CLANG_WARN_COMMA = YES;
				CLANG_WARN_CONSTANT_CONVERSION = YES;
				CLANG_WARN_DEPRECATED_OBJC_IMPLEMENTATIONS = YES;
				CLANG_WARN_DIRECT_OBJC_ISA_USAGE = YES_ERROR;
				CLANG_WARN_DOCUMENTATION_COMMENTS = YES;
				CLANG_WARN_EMPTY_BODY = YES;
				CLANG_WARN_ENUM_CONVERSION = YES;
				CLANG_WARN_INFINITE_RECURSION = YES;
				CLANG_WARN_INT_CONVERSION = YES;
				CLANG_WARN_NON_LITERAL_NULL_CONVERSION = YES;
				CLANG_WARN_OBJC_IMPLICIT_RETAIN_SELF = YES;
				CLANG_WARN_OBJC_LITERAL_CONVERSION = YES;
				CLANG_WARN_OBJC_ROOT_CLASS = YES_ERROR;
				CLANG_WARN_QUOTED_INCLUDE_IN_FRAMEWORK_HEADER = YES;
				CLANG_WARN_RANGE_LOOP_ANALYSIS = YES;
				CLANG_WARN_STRICT_PROTOTYPES = YES;
				CLANG_WARN_SUSPICIOUS_MOVE = YES;
				CLANG_WARN_UNGUARDED_AVAILABILITY = YES_AGGRESSIVE;
				CLANG_WARN_UNREACHABLE_CODE = YES;
				CLANG_WARN__DUPLICATE_METHOD_MATCH = YES;
				COPY_PHASE_STRIP = NO;
				DEBUG_INFORMATION_FORMAT = "dwarf-with-dsym";
				ENABLE_NS_ASSERTIONS = NO;
				ENABLE_STRICT_OBJC_MSGSEND = YES;
				GCC_C_LANGUAGE_STANDARD = gnu11;
				GCC_NO_COMMON_BLOCKS = YES;
				GCC_WARN_64_TO_32_BIT_CONVERSION = YES;
				GCC_WARN_ABOUT_RETURN_TYPE = YES_ERROR;
				GCC_WARN_UNDECLARED_SELECTOR = YES;
				GCC_WARN_UNINITIALIZED_AUTOS = YES_AGGRESSIVE;
				GCC_WARN_UNUSED_FUNCTION = YES;
				GCC_WARN_UNUSED_VARIABLE = YES;
				MACOSX_DEPLOYMENT_TARGET = 13.0;
				MTL_ENABLE_DEBUG_INFO = NO;
				MTL_FAST_MATH = YES;
				SDKROOT = macosx;
				SWIFT_COMPILATION_MODE = wholemodule;
				SWIFT_OPTIMIZATION_LEVEL = "-O";
			};
			name = Release;
		};
		13A97C6F28A85DB800FD1DEB /* Debug */ = {
			isa = XCBuildConfiguration;
			buildSettings = {
				ASSETCATALOG_COMPILER_APPICON_NAME = AppIcon;
				ASSETCATALOG_COMPILER_GLOBAL_ACCENT_COLOR_NAME = AccentColor;
				CODE_SIGN_ENTITLEMENTS = "x-rt-refit/x_rt_refit.entitlements";
				CODE_SIGN_STYLE = Automatic;
				COMBINE_HIDPI_IMAGES = YES;
				CURRENT_PROJECT_VERSION = 1;
				DEVELOPMENT_ASSET_PATHS = "\"x-rt-refit/Preview Content\"";
				ENABLE_PREVIEWS = YES;
				GENERATE_INFOPLIST_FILE = YES;
				INFOPLIST_KEY_NSHumanReadableCopyright = "";
				LD_RUNPATH_SEARCH_PATHS = (
					"$(inherited)",
					"@executable_path/../Frameworks",
				);
				MARKETING_VERSION = 1.0;
				PRODUCT_BUNDLE_IDENTIFIER = "pwong.x-rt-refit";
				PRODUCT_NAME = "$(TARGET_NAME)";
				SWIFT_EMIT_LOC_STRINGS = YES;
				SWIFT_VERSION = 5.0;
			};
			name = Debug;
		};
		13A97C7028A85DB800FD1DEB /* Release */ = {
			isa = XCBuildConfiguration;
			buildSettings = {
				ASSETCATALOG_COMPILER_APPICON_NAME = AppIcon;
				ASSETCATALOG_COMPILER_GLOBAL_ACCENT_COLOR_NAME = AccentColor;
				CODE_SIGN_ENTITLEMENTS = "x-rt-refit/x_rt_refit.entitlements";
				CODE_SIGN_STYLE = Automatic;
				COMBINE_HIDPI_IMAGES = YES;
				CURRENT_PROJECT_VERSION = 1;
				DEVELOPMENT_ASSET_PATHS = "\"x-rt-refit/Preview Content\"";
				ENABLE_PREVIEWS = YES;
				GENERATE_INFOPLIST_FILE = YES;
				INFOPLIST_KEY_NSHumanReadableCopyright = "";
				LD_RUNPATH_SEARCH_PATHS = (
					"$(inherited)",
					"@executable_path/../Frameworks",
				);
				MARKETING_VERSION = 1.0;
				PRODUCT_BUNDLE_IDENTIFIER = "pwong.x-rt-refit";
				PRODUCT_NAME = "$(TARGET_NAME)";
				SWIFT_EMIT_LOC_STRINGS = YES;
				SWIFT_VERSION = 5.0;
			};
			name = Release;
		};
/* End XCBuildConfiguration section */

/* Begin XCConfigurationList section */
		13A97C5A28A85DB700FD1DEB /* Build configuration list for PBXProject "x-rt-refit" */ = {
			isa = XCConfigurationList;
			buildConfigurations = (
				13A97C6C28A85DB800FD1DEB /* Debug */,
				13A97C6D28A85DB800FD1DEB /* Release */,
			);
			defaultConfigurationIsVisible = 0;
			defaultConfigurationName = Release;
		};
		13A97C6E28A85DB800FD1DEB /* Build configuration list for PBXNativeTarget "x-rt-refit" */ = {
			isa = XCConfigurationList;
			buildConfigurations = (
				13A97C6F28A85DB800FD1DEB /* Debug */,
				13A97C7028A85DB800FD1DEB /* Release */,
			);
			defaultConfigurationIsVisible = 0;
			defaultConfigurationName = Release;
		};
/* End XCConfigurationList section */
	};
	rootObject = 13A97C5728A85DB700FD1DEB /* Project object */;
}
